
Microsoft Visual Studio Solution File, Format Version 12.00
# Visual Studio Express 2013 for Web
VisualStudioVersion = 12.0.21005.1
MinimumVisualStudioVersion = 10.0.40219.1
Project("{FAE04EC0-301F-11D3-BF4B-00C04F79EFBC}") = "MGCCPointScore", "MGCCPointScore\MGCCPointScore.csproj", "{697074AE-4E0E-4AFF-8335-469CCD785550}"
EndProject
Project("{FAE04EC0-301F-11D3-BF4B-00C04F79EFBC}") = "Repositories", "Repositories\Repositories.csproj", "{C41B3FB2-6D2D-4B93-931F-C932581DFF70}"
EndProject
Project("{FAE04EC0-301F-11D3-BF4B-00C04F79EFBC}") = "MGCCPointScoreTests", "MGCCPointScoreTests\MGCCPointScoreTests.csproj", "{8E0D29A7-BB62-47E5-A726-BA8E7CDE091F}"
EndProject
Project("{FAE04EC0-301F-11D3-BF4B-00C04F79EFBC}") = "Repositories.Tests", "Repositories.Tests\Repositories.Tests.csproj", "{1B23C274-69C4-4DAB-9F24-86615CB943ED}"
EndProject
Global
	GlobalSection(SolutionConfigurationPlatforms) = preSolution
		Debug|Any CPU = Debug|Any CPU
		Release|Any CPU = Release|Any CPU
	EndGlobalSection
	GlobalSection(ProjectConfigurationPlatforms) = postSolution
		{697074AE-4E0E-4AFF-8335-469CCD785550}.Debug|Any CPU.ActiveCfg = Debug|Any CPU
		{697074AE-4E0E-4AFF-8335-469CCD785550}.Debug|Any CPU.Build.0 = Debug|Any CPU
		{697074AE-4E0E-4AFF-8335-469CCD785550}.Release|Any CPU.ActiveCfg = Release|Any CPU
		{697074AE-4E0E-4AFF-8335-469CCD785550}.Release|Any CPU.Build.0 = Release|Any CPU
		{C41B3FB2-6D2D-4B93-931F-C932581DFF70}.Debug|Any CPU.ActiveCfg = Debug|Any CPU
		{C41B3FB2-6D2D-4B93-931F-C932581DFF70}.Debug|Any CPU.Build.0 = Debug|Any CPU
		{C41B3FB2-6D2D-4B93-931F-C932581DFF70}.Release|Any CPU.ActiveCfg = Release|Any CPU
		{C41B3FB2-6D2D-4B93-931F-C932581DFF70}.Release|Any CPU.Build.0 = Release|Any CPU
		{8E0D29A7-BB62-47E5-A726-BA8E7CDE091F}.Debug|Any CPU.ActiveCfg = Debug|Any CPU
		{8E0D29A7-BB62-47E5-A726-BA8E7CDE091F}.Debug|Any CPU.Build.0 = Debug|Any CPU
		{8E0D29A7-BB62-47E5-A726-BA8E7CDE091F}.Release|Any CPU.ActiveCfg = Release|Any CPU
		{8E0D29A7-BB62-47E5-A726-BA8E7CDE091F}.Release|Any CPU.Build.0 = Release|Any CPU
		{1B23C274-69C4-4DAB-9F24-86615CB943ED}.Debug|Any CPU.ActiveCfg = Debug|Any CPU
		{1B23C274-69C4-4DAB-9F24-86615CB943ED}.Debug|Any CPU.Build.0 = Debug|Any CPU
		{1B23C274-69C4-4DAB-9F24-86615CB943ED}.Release|Any CPU.ActiveCfg = Release|Any CPU
		{1B23C274-69C4-4DAB-9F24-86615CB943ED}.Release|Any CPU.Build.0 = Release|Any CPU
	EndGlobalSection
	GlobalSection(SolutionProperties) = preSolution
		HideSolutionNode = FALSE
	EndGlobalSection
EndGlobal
